github.com/Knetic/govaluate v3.0.0+incompatible h1:7o6+MAPhYTCF0+fdvoz1xDedhRb4f6s9Tn1Tt7/WTEg=
github.com/Knetic/govaluate v3.0.0+incompatible/go.mod h1:r7JcOSlj0wfOMncg0iLm8Leh48TZaKVeNIfJntJ2wa0=
github.com/bcicen/bfstree v1.0.0 h1:Fx9vcyXYspj2GIJqAvd1lwCNI+cQF/r2JJqxHHmsAO0=
github.com/bcicen/bfstree v1.0.0/go.mod h1:u//juIip96SNFkG4iMn9z0KzqLSeFSpBKoBo5ceq1uE=
github.com/bcicen/go-units v1.0.5 h1:gfeKGDc8JgKCFyqxNKPgHc735KH3VW8bnuL5X2y2up4=
github.com/bcicen/go-units v1.0.5/go.mod h1:c7/sSz9cc6XvnrjsyNwoKHqN6KDDf8LME5vSf+U5Y08=
github.com/felixge/httpsnoop v1.0.3 h1:s/nj+GCswXYzN5v2DpNMuMQYe+0DDwt5WVCU6CWBdXk=
github.com/felixge/httpsnoop v1.0.3/go.mod h1:m8KPJKqk1gH5J9DgRY2ASl2lWCfGKXixSwevea8zH2U=
github.com/gorilla/handlers v1.5.2 h1:cLTUSsNkgcwhgRqvCNmdbRWG0A3N4F+M2nWKdScwyEE=
github.com/gorilla/handlers v1.5.2/go.mod h1:dX+xVpaxdSw+q0Qek8SSsl3dfMk3jNddUkMzo0GtH0w=
github.com/gorilla/mux v1.8.1 h1:TuBL49tXwgrFYWhqrNgrUNEY92u81SPhu7sTdzQEiWY=
github.com/gorilla/mux v1.8.1/go.mod h1:AKf9I4AEqPTmMytcMc0KkNouC66V3BtZ4qD5fmWSiMQ=
